
Microsoft Visual Studio Solution File, Format Version 12.00
# Visual Studio 14
VisualStudioVersion = 14.0.25420.1
MinimumVisualStudioVersion = 10.0.40219.1
Project("{FAE04EC0-301F-11D3-BF4B-00C04F79EFBC}") = "MainLib", "MainLib\MainLib.csproj", "{8816AF68-0F31-4E03-AFB8-6BA46A49E61F}"
EndProject
Project("{FAE04EC0-301F-11D3-BF4B-00C04F79EFBC}") = "MainLibUnitTest", "MainLibUnitTest\MainLibUnitTest.csproj", "{9C0D8197-102F-415F-8E1B-083F06F829EC}"
EndProject
Project("{2150E333-8FDC-42A3-9474-1A3956D46DE8}") = "Solution Items", "Solution Items", "{F415578A-30A4-4151-9696-A8C7A5AD0151}"
	ProjectSection(SolutionItems) = preProject
		Local.testsettings = Local.testsettings
		MainLib.vsmdi = MainLib.vsmdi
		TraceAndTestImpact.testsettings = TraceAndTestImpact.testsettings
	EndProjectSection
EndProject
Project("{FAE04EC0-301F-11D3-BF4B-00C04F79EFBC}") = "TelerikUI", "TelerikUI\TelerikUI.csproj", "{F60FF73B-7CA1-4069-88D8-B6FEDEDB308B}"
EndProject
Project("{FAE04EC0-301F-11D3-BF4B-00C04F79EFBC}") = "OfficeLib", "OfficeLib\OfficeLib.csproj", "{E982EA7F-CAC0-4CE9-BB2C-CABA2AA15916}"
EndProject
Project("{FAE04EC0-301F-11D3-BF4B-00C04F79EFBC}") = "NMZipLib", "NMZipLib\NMZipLib.csproj", "{7C5BAC7C-CA41-41CD-B752-C0D7B8ADB168}"
EndProject
Project("{FAE04EC0-301F-11D3-BF4B-00C04F79EFBC}") = "WebMainLib", "WebMainLib\WebMainLib.csproj", "{DA36209E-0D75-447E-953A-39833B3D07AE}"
EndProject
Project("{FAE04EC0-301F-11D3-BF4B-00C04F79EFBC}") = "AsposeMainLib", "AsposeMainLib\AsposeMainLib.csproj", "{BC919B96-EA0B-424B-9AAE-5684EB150A16}"
EndProject
Project("{2150E333-8FDC-42A3-9474-1A3956D46DE8}") = "CLI", "CLI", "{875AC2B2-2C7C-45C0-B0E4-8BDE7F18FC8B}"
EndProject
Project("{FAE04EC0-301F-11D3-BF4B-00C04F79EFBC}") = "RegisterNotepad", "RegisterNotepad\RegisterNotepad.csproj", "{21AF1260-8E03-4B61-80FC-274621D61A46}"
EndProject
Project("{FAE04EC0-301F-11D3-BF4B-00C04F79EFBC}") = "RegisterCMD", "RegisterFilePath\RegisterCMD.csproj", "{5D89A17D-E7F2-41A1-A269-00B630A12450}"
EndProject
Project("{FAE04EC0-301F-11D3-BF4B-00C04F79EFBC}") = "NetFrameworkVersion", "NetFrameworkVersion\NetFrameworkVersion.csproj", "{51DFA2F4-DF5A-48C4-8F89-9EBCA67C8AE6}"
EndProject
Project("{2150E333-8FDC-42A3-9474-1A3956D46DE8}") = "Projects", "Projects", "{E4BB6BF7-4433-4EF6-A7A6-F1E7767945F6}"
EndProject
Project("{FAE04EC0-301F-11D3-BF4B-00C04F79EFBC}") = "ZipRar", "ZipRar\ZipRar.csproj", "{544D1AD1-4F90-4113-AA8C-C1B1A8E9E5CB}"
EndProject
Project("{FAE04EC0-301F-11D3-BF4B-00C04F79EFBC}") = "MainLibCLI", "MainLibCLI\MainLibCLI.csproj", "{CE20B59B-65DC-4E1B-AD97-372871EDC686}"
EndProject
Project("{FAE04EC0-301F-11D3-BF4B-00C04F79EFBC}") = "NPing", "NPing\NPing.csproj", "{A594D774-3F8E-4001-AEA2-59A33C6C5DD3}"
EndProject
Project("{FAE04EC0-301F-11D3-BF4B-00C04F79EFBC}") = "CSFtp-CLI", "CSFtp-CLI\CSFtp-CLI.csproj", "{6D410080-9C43-4D66-AFD4-47AE135C2C0F}"
EndProject
Project("{2150E333-8FDC-42A3-9474-1A3956D46DE8}") = "Form", "Form", "{B9046190-09CA-4705-9E19-C80C74F4F360}"
EndProject
Project("{FAE04EC0-301F-11D3-BF4B-00C04F79EFBC}") = "CSMultiThreadedWebDownloaderCLI", "CSMultiThreadedWebDownloaderCLI\CSMultiThreadedWebDownloaderCLI.csproj", "{DCB9D465-6C81-4FFC-AB45-753683FA6D2D}"
EndProject
Project("{8BC9CEB8-8B4A-11D0-8D11-00A0C91BC942}") = "MainLibCPP", "MainLibCPP\MainLibCPP.vcxproj", "{B22AC4C3-DA76-4197-827C-F7B23BA4DCE7}"
EndProject
Project("{2150E333-8FDC-42A3-9474-1A3956D46DE8}") = "CPPCLI", "CPPCLI", "{ABCFE10E-6FE9-4154-B3E7-16C69346D7E6}"
EndProject
Project("{8BC9CEB8-8B4A-11D0-8D11-00A0C91BC942}") = "cpc", "cpc\cpc.vcxproj", "{0D4C471C-BFE5-43D7-9905-A98573DC0AD7}"
EndProject
Project("{8BC9CEB8-8B4A-11D0-8D11-00A0C91BC942}") = "MainLibCPPCLI", "MainLibCPPCLI\MainLibCPPCLI.vcxproj", "{E04C8AFF-14C8-4EF1-AD2F-22266E6190CA}"
EndProject
Project("{8BC9CEB8-8B4A-11D0-8D11-00A0C91BC942}") = "cfile", "cfile\cfile.vcxproj", "{9179F820-1F35-40CC-BE57-1B0BB573E70A}"
EndProject
Project("{8BC9CEB8-8B4A-11D0-8D11-00A0C91BC942}") = "cpw", "cpw\cpw.vcxproj", "{2F7B3B4F-B5F7-42A9-B0CA-147B5FD679B4}"
EndProject
Project("{8BC9CEB8-8B4A-11D0-8D11-00A0C91BC942}") = "catw", "catw\catw.vcxproj", "{D51347EA-B522-4D3B-A20B-854D2FCBC2B5}"
EndProject
Global
	GlobalSection(SolutionConfigurationPlatforms) = preSolution
		Debug|Any CPU = Debug|Any CPU
		Debug|x64 = Debug|x64
		Debug|x86 = Debug|x86
		Release|Any CPU = Release|Any CPU
		Release|x64 = Release|x64
		Release|x86 = Release|x86
	EndGlobalSection
	GlobalSection(ProjectConfigurationPlatforms) = postSolution
		{8816AF68-0F31-4E03-AFB8-6BA46A49E61F}.Debug|Any CPU.ActiveCfg = Debug|Any CPU
		{8816AF68-0F31-4E03-AFB8-6BA46A49E61F}.Debug|Any CPU.Build.0 = Debug|Any CPU
		{8816AF68-0F31-4E03-AFB8-6BA46A49E61F}.Debug|x64.ActiveCfg = Debug|Any CPU
		{8816AF68-0F31-4E03-AFB8-6BA46A49E61F}.Debug|x64.Build.0 = Debug|Any CPU
		{8816AF68-0F31-4E03-AFB8-6BA46A49E61F}.Debug|x86.ActiveCfg = Debug|Any CPU
		{8816AF68-0F31-4E03-AFB8-6BA46A49E61F}.Debug|x86.Build.0 = Debug|Any CPU
		{8816AF68-0F31-4E03-AFB8-6BA46A49E61F}.Release|Any CPU.ActiveCfg = Release|Any CPU
		{8816AF68-0F31-4E03-AFB8-6BA46A49E61F}.Release|Any CPU.Build.0 = Release|Any CPU
		{8816AF68-0F31-4E03-AFB8-6BA46A49E61F}.Release|x64.ActiveCfg = Release|Any CPU
		{8816AF68-0F31-4E03-AFB8-6BA46A49E61F}.Release|x64.Build.0 = Release|Any CPU
		{8816AF68-0F31-4E03-AFB8-6BA46A49E61F}.Release|x86.ActiveCfg = Release|Any CPU
		{8816AF68-0F31-4E03-AFB8-6BA46A49E61F}.Release|x86.Build.0 = Release|Any CPU
		{9C0D8197-102F-415F-8E1B-083F06F829EC}.Debug|Any CPU.ActiveCfg = Debug|Any CPU
		{9C0D8197-102F-415F-8E1B-083F06F829EC}.Debug|Any CPU.Build.0 = Debug|Any CPU
		{9C0D8197-102F-415F-8E1B-083F06F829EC}.Debug|x64.ActiveCfg = Debug|Any CPU
		{9C0D8197-102F-415F-8E1B-083F06F829EC}.Debug|x64.Build.0 = Debug|Any CPU
		{9C0D8197-102F-415F-8E1B-083F06F829EC}.Debug|x86.ActiveCfg = Debug|Any CPU
		{9C0D8197-102F-415F-8E1B-083F06F829EC}.Debug|x86.Build.0 = Debug|Any CPU
		{9C0D8197-102F-415F-8E1B-083F06F829EC}.Release|Any CPU.ActiveCfg = Release|Any CPU
		{9C0D8197-102F-415F-8E1B-083F06F829EC}.Release|Any CPU.Build.0 = Release|Any CPU
		{9C0D8197-102F-415F-8E1B-083F06F829EC}.Release|x64.ActiveCfg = Release|Any CPU
		{9C0D8197-102F-415F-8E1B-083F06F829EC}.Release|x64.Build.0 = Release|Any CPU
		{9C0D8197-102F-415F-8E1B-083F06F829EC}.Release|x86.ActiveCfg = Release|Any CPU
		{9C0D8197-102F-415F-8E1B-083F06F829EC}.Release|x86.Build.0 = Release|Any CPU
		{F60FF73B-7CA1-4069-88D8-B6FEDEDB308B}.Debug|Any CPU.ActiveCfg = Debug|Any CPU
		{F60FF73B-7CA1-4069-88D8-B6FEDEDB308B}.Debug|Any CPU.Build.0 = Debug|Any CPU
		{F60FF73B-7CA1-4069-88D8-B6FEDEDB308B}.Debug|x64.ActiveCfg = Debug|Any CPU
		{F60FF73B-7CA1-4069-88D8-B6FEDEDB308B}.Debug|x64.Build.0 = Debug|Any CPU
		{F60FF73B-7CA1-4069-88D8-B6FEDEDB308B}.Debug|x86.ActiveCfg = Debug|Any CPU
		{F60FF73B-7CA1-4069-88D8-B6FEDEDB308B}.Debug|x86.Build.0 = Debug|Any CPU
		{F60FF73B-7CA1-4069-88D8-B6FEDEDB308B}.Release|Any CPU.ActiveCfg = Release|Any CPU
		{F60FF73B-7CA1-4069-88D8-B6FEDEDB308B}.Release|Any CPU.Build.0 = Release|Any CPU
		{F60FF73B-7CA1-4069-88D8-B6FEDEDB308B}.Release|x64.ActiveCfg = Release|Any CPU
		{F60FF73B-7CA1-4069-88D8-B6FEDEDB308B}.Release|x64.Build.0 = Release|Any CPU
		{F60FF73B-7CA1-4069-88D8-B6FEDEDB308B}.Release|x86.ActiveCfg = Release|Any CPU
		{F60FF73B-7CA1-4069-88D8-B6FEDEDB308B}.Release|x86.Build.0 = Release|Any CPU
		{E982EA7F-CAC0-4CE9-BB2C-CABA2AA15916}.Debug|Any CPU.ActiveCfg = Debug|Any CPU
		{E982EA7F-CAC0-4CE9-BB2C-CABA2AA15916}.Debug|Any CPU.Build.0 = Debug|Any CPU
		{E982EA7F-CAC0-4CE9-BB2C-CABA2AA15916}.Debug|x64.ActiveCfg = Debug|Any CPU
		{E982EA7F-CAC0-4CE9-BB2C-CABA2AA15916}.Debug|x64.Build.0 = Debug|Any CPU
		{E982EA7F-CAC0-4CE9-BB2C-CABA2AA15916}.Debug|x86.ActiveCfg = Debug|Any CPU
		{E982EA7F-CAC0-4CE9-BB2C-CABA2AA15916}.Debug|x86.Build.0 = Debug|Any CPU
		{E982EA7F-CAC0-4CE9-BB2C-CABA2AA15916}.Release|Any CPU.ActiveCfg = Release|Any CPU
		{E982EA7F-CAC0-4CE9-BB2C-CABA2AA15916}.Release|Any CPU.Build.0 = Release|Any CPU
		{E982EA7F-CAC0-4CE9-BB2C-CABA2AA15916}.Release|x64.ActiveCfg = Release|Any CPU
		{E982EA7F-CAC0-4CE9-BB2C-CABA2AA15916}.Release|x64.Build.0 = Release|Any CPU
		{E982EA7F-CAC0-4CE9-BB2C-CABA2AA15916}.Release|x86.ActiveCfg = Release|Any CPU
		{E982EA7F-CAC0-4CE9-BB2C-CABA2AA15916}.Release|x86.Build.0 = Release|Any CPU
		{7C5BAC7C-CA41-41CD-B752-C0D7B8ADB168}.Debug|Any CPU.ActiveCfg = Debug|Any CPU
		{7C5BAC7C-CA41-41CD-B752-C0D7B8ADB168}.Debug|Any CPU.Build.0 = Debug|Any CPU
		{7C5BAC7C-CA41-41CD-B752-C0D7B8ADB168}.Debug|x64.ActiveCfg = Debug|Any CPU
		{7C5BAC7C-CA41-41CD-B752-C0D7B8ADB168}.Debug|x64.Build.0 = Debug|Any CPU
		{7C5BAC7C-CA41-41CD-B752-C0D7B8ADB168}.Debug|x86.ActiveCfg = Debug|Any CPU
		{7C5BAC7C-CA41-41CD-B752-C0D7B8ADB168}.Debug|x86.Build.0 = Debug|Any CPU
		{7C5BAC7C-CA41-41CD-B752-C0D7B8ADB168}.Release|Any CPU.ActiveCfg = Release|Any CPU
		{7C5BAC7C-CA41-41CD-B752-C0D7B8ADB168}.Release|Any CPU.Build.0 = Release|Any CPU
		{7C5BAC7C-CA41-41CD-B752-C0D7B8ADB168}.Release|x64.ActiveCfg = Release|Any CPU
		{7C5BAC7C-CA41-41CD-B752-C0D7B8ADB168}.Release|x64.Build.0 = Release|Any CPU
		{7C5BAC7C-CA41-41CD-B752-C0D7B8ADB168}.Release|x86.ActiveCfg = Release|Any CPU
		{7C5BAC7C-CA41-41CD-B752-C0D7B8ADB168}.Release|x86.Build.0 = Release|Any CPU
		{DA36209E-0D75-447E-953A-39833B3D07AE}.Debug|Any CPU.ActiveCfg = Debug|Any CPU
		{DA36209E-0D75-447E-953A-39833B3D07AE}.Debug|Any CPU.Build.0 = Debug|Any CPU
		{DA36209E-0D75-447E-953A-39833B3D07AE}.Debug|x64.ActiveCfg = Debug|Any CPU
		{DA36209E-0D75-447E-953A-39833B3D07AE}.Debug|x64.Build.0 = Debug|Any CPU
		{DA36209E-0D75-447E-953A-39833B3D07AE}.Debug|x86.ActiveCfg = Debug|Any CPU
		{DA36209E-0D75-447E-953A-39833B3D07AE}.Debug|x86.Build.0 = Debug|Any CPU
		{DA36209E-0D75-447E-953A-39833B3D07AE}.Release|Any CPU.ActiveCfg = Release|Any CPU
		{DA36209E-0D75-447E-953A-39833B3D07AE}.Release|Any CPU.Build.0 = Release|Any CPU
		{DA36209E-0D75-447E-953A-39833B3D07AE}.Release|x64.ActiveCfg = Release|Any CPU
		{DA36209E-0D75-447E-953A-39833B3D07AE}.Release|x64.Build.0 = Release|Any CPU
		{DA36209E-0D75-447E-953A-39833B3D07AE}.Release|x86.ActiveCfg = Release|Any CPU
		{DA36209E-0D75-447E-953A-39833B3D07AE}.Release|x86.Build.0 = Release|Any CPU
		{BC919B96-EA0B-424B-9AAE-5684EB150A16}.Debug|Any CPU.ActiveCfg = Debug|Any CPU
		{BC919B96-EA0B-424B-9AAE-5684EB150A16}.Debug|Any CPU.Build.0 = Debug|Any CPU
		{BC919B96-EA0B-424B-9AAE-5684EB150A16}.Debug|x64.ActiveCfg = Debug|Any CPU
		{BC919B96-EA0B-424B-9AAE-5684EB150A16}.Debug|x64.Build.0 = Debug|Any CPU
		{BC919B96-EA0B-424B-9AAE-5684EB150A16}.Debug|x86.ActiveCfg = Debug|Any CPU
		{BC919B96-EA0B-424B-9AAE-5684EB150A16}.Debug|x86.Build.0 = Debug|Any CPU
		{BC919B96-EA0B-424B-9AAE-5684EB150A16}.Release|Any CPU.ActiveCfg = Release|Any CPU
		{BC919B96-EA0B-424B-9AAE-5684EB150A16}.Release|Any CPU.Build.0 = Release|Any CPU
		{BC919B96-EA0B-424B-9AAE-5684EB150A16}.Release|x64.ActiveCfg = Release|Any CPU
		{BC919B96-EA0B-424B-9AAE-5684EB150A16}.Release|x64.Build.0 = Release|Any CPU
		{BC919B96-EA0B-424B-9AAE-5684EB150A16}.Release|x86.ActiveCfg = Release|Any CPU
		{BC919B96-EA0B-424B-9AAE-5684EB150A16}.Release|x86.Build.0 = Release|Any CPU
		{21AF1260-8E03-4B61-80FC-274621D61A46}.Debug|Any CPU.ActiveCfg = Debug|Any CPU
		{21AF1260-8E03-4B61-80FC-274621D61A46}.Debug|Any CPU.Build.0 = Debug|Any CPU
		{21AF1260-8E03-4B61-80FC-274621D61A46}.Debug|x64.ActiveCfg = Debug|Any CPU
		{21AF1260-8E03-4B61-80FC-274621D61A46}.Debug|x64.Build.0 = Debug|Any CPU
		{21AF1260-8E03-4B61-80FC-274621D61A46}.Debug|x86.ActiveCfg = Debug|Any CPU
		{21AF1260-8E03-4B61-80FC-274621D61A46}.Debug|x86.Build.0 = Debug|Any CPU
		{21AF1260-8E03-4B61-80FC-274621D61A46}.Release|Any CPU.ActiveCfg = Release|Any CPU
		{21AF1260-8E03-4B61-80FC-274621D61A46}.Release|Any CPU.Build.0 = Release|Any CPU
		{21AF1260-8E03-4B61-80FC-274621D61A46}.Release|x64.ActiveCfg = Release|Any CPU
		{21AF1260-8E03-4B61-80FC-274621D61A46}.Release|x64.Build.0 = Release|Any CPU
		{21AF1260-8E03-4B61-80FC-274621D61A46}.Release|x86.ActiveCfg = Release|Any CPU
		{21AF1260-8E03-4B61-80FC-274621D61A46}.Release|x86.Build.0 = Release|Any CPU
		{5D89A17D-E7F2-41A1-A269-00B630A12450}.Debug|Any CPU.ActiveCfg = Debug|Any CPU
		{5D89A17D-E7F2-41A1-A269-00B630A12450}.Debug|Any CPU.Build.0 = Debug|Any CPU
		{5D89A17D-E7F2-41A1-A269-00B630A12450}.Debug|x64.ActiveCfg = Debug|Any CPU
		{5D89A17D-E7F2-41A1-A269-00B630A12450}.Debug|x64.Build.0 = Debug|Any CPU
		{5D89A17D-E7F2-41A1-A269-00B630A12450}.Debug|x86.ActiveCfg = Debug|Any CPU
		{5D89A17D-E7F2-41A1-A269-00B630A12450}.Debug|x86.Build.0 = Debug|Any CPU
		{5D89A17D-E7F2-41A1-A269-00B630A12450}.Release|Any CPU.ActiveCfg = Release|Any CPU
		{5D89A17D-E7F2-41A1-A269-00B630A12450}.Release|Any CPU.Build.0 = Release|Any CPU
		{5D89A17D-E7F2-41A1-A269-00B630A12450}.Release|x64.ActiveCfg = Release|Any CPU
		{5D89A17D-E7F2-41A1-A269-00B630A12450}.Release|x64.Build.0 = Release|Any CPU
		{5D89A17D-E7F2-41A1-A269-00B630A12450}.Release|x86.ActiveCfg = Release|Any CPU
		{5D89A17D-E7F2-41A1-A269-00B630A12450}.Release|x86.Build.0 = Release|Any CPU
		{51DFA2F4-DF5A-48C4-8F89-9EBCA67C8AE6}.Debug|Any CPU.ActiveCfg = Debug|Any CPU
		{51DFA2F4-DF5A-48C4-8F89-9EBCA67C8AE6}.Debug|Any CPU.Build.0 = Debug|Any CPU
		{51DFA2F4-DF5A-48C4-8F89-9EBCA67C8AE6}.Debug|x64.ActiveCfg = Debug|Any CPU
		{51DFA2F4-DF5A-48C4-8F89-9EBCA67C8AE6}.Debug|x64.Build.0 = Debug|Any CPU
		{51DFA2F4-DF5A-48C4-8F89-9EBCA67C8AE6}.Debug|x86.ActiveCfg = Debug|Any CPU
		{51DFA2F4-DF5A-48C4-8F89-9EBCA67C8AE6}.Debug|x86.Build.0 = Debug|Any CPU
		{51DFA2F4-DF5A-48C4-8F89-9EBCA67C8AE6}.Release|Any CPU.ActiveCfg = Release|Any CPU
		{51DFA2F4-DF5A-48C4-8F89-9EBCA67C8AE6}.Release|Any CPU.Build.0 = Release|Any CPU
		{51DFA2F4-DF5A-48C4-8F89-9EBCA67C8AE6}.Release|x64.ActiveCfg = Release|Any CPU
		{51DFA2F4-DF5A-48C4-8F89-9EBCA67C8AE6}.Release|x64.Build.0 = Release|Any CPU
		{51DFA2F4-DF5A-48C4-8F89-9EBCA67C8AE6}.Release|x86.ActiveCfg = Release|Any CPU
		{51DFA2F4-DF5A-48C4-8F89-9EBCA67C8AE6}.Release|x86.Build.0 = Release|Any CPU
		{544D1AD1-4F90-4113-AA8C-C1B1A8E9E5CB}.Debug|Any CPU.ActiveCfg = Debug|Any CPU
		{544D1AD1-4F90-4113-AA8C-C1B1A8E9E5CB}.Debug|Any CPU.Build.0 = Debug|Any CPU
		{544D1AD1-4F90-4113-AA8C-C1B1A8E9E5CB}.Debug|x64.ActiveCfg = Debug|Any CPU
		{544D1AD1-4F90-4113-AA8C-C1B1A8E9E5CB}.Debug|x64.Build.0 = Debug|Any CPU
		{544D1AD1-4F90-4113-AA8C-C1B1A8E9E5CB}.Debug|x86.ActiveCfg = Debug|Any CPU
		{544D1AD1-4F90-4113-AA8C-C1B1A8E9E5CB}.Debug|x86.Build.0 = Debug|Any CPU
		{544D1AD1-4F90-4113-AA8C-C1B1A8E9E5CB}.Release|Any CPU.ActiveCfg = Release|Any CPU
		{544D1AD1-4F90-4113-AA8C-C1B1A8E9E5CB}.Release|Any CPU.Build.0 = Release|Any CPU
		{544D1AD1-4F90-4113-AA8C-C1B1A8E9E5CB}.Release|x64.ActiveCfg = Release|Any CPU
		{544D1AD1-4F90-4113-AA8C-C1B1A8E9E5CB}.Release|x64.Build.0 = Release|Any CPU
		{544D1AD1-4F90-4113-AA8C-C1B1A8E9E5CB}.Release|x86.ActiveCfg = Release|Any CPU
		{544D1AD1-4F90-4113-AA8C-C1B1A8E9E5CB}.Release|x86.Build.0 = Release|Any CPU
		{CE20B59B-65DC-4E1B-AD97-372871EDC686}.Debug|Any CPU.ActiveCfg = Debug|Any CPU
		{CE20B59B-65DC-4E1B-AD97-372871EDC686}.Debug|Any CPU.Build.0 = Debug|Any CPU
		{CE20B59B-65DC-4E1B-AD97-372871EDC686}.Debug|x64.ActiveCfg = Debug|Any CPU
		{CE20B59B-65DC-4E1B-AD97-372871EDC686}.Debug|x64.Build.0 = Debug|Any CPU
		{CE20B59B-65DC-4E1B-AD97-372871EDC686}.Debug|x86.ActiveCfg = Debug|Any CPU
		{CE20B59B-65DC-4E1B-AD97-372871EDC686}.Debug|x86.Build.0 = Debug|Any CPU
		{CE20B59B-65DC-4E1B-AD97-372871EDC686}.Release|Any CPU.ActiveCfg = Release|Any CPU
		{CE20B59B-65DC-4E1B-AD97-372871EDC686}.Release|Any CPU.Build.0 = Release|Any CPU
		{CE20B59B-65DC-4E1B-AD97-372871EDC686}.Release|x64.ActiveCfg = Release|Any CPU
		{CE20B59B-65DC-4E1B-AD97-372871EDC686}.Release|x64.Build.0 = Release|Any CPU
		{CE20B59B-65DC-4E1B-AD97-372871EDC686}.Release|x86.ActiveCfg = Release|Any CPU
		{CE20B59B-65DC-4E1B-AD97-372871EDC686}.Release|x86.Build.0 = Release|Any CPU
		{A594D774-3F8E-4001-AEA2-59A33C6C5DD3}.Debug|Any CPU.ActiveCfg = Debug|Any CPU
		{A594D774-3F8E-4001-AEA2-59A33C6C5DD3}.Debug|Any CPU.Build.0 = Debug|Any CPU
		{A594D774-3F8E-4001-AEA2-59A33C6C5DD3}.Debug|x64.ActiveCfg = Debug|Any CPU
		{A594D774-3F8E-4001-AEA2-59A33C6C5DD3}.Debug|x64.Build.0 = Debug|Any CPU
		{A594D774-3F8E-4001-AEA2-59A33C6C5DD3}.Debug|x86.ActiveCfg = Debug|Any CPU
		{A594D774-3F8E-4001-AEA2-59A33C6C5DD3}.Debug|x86.Build.0 = Debug|Any CPU
		{A594D774-3F8E-4001-AEA2-59A33C6C5DD3}.Release|Any CPU.ActiveCfg = Release|Any CPU
		{A594D774-3F8E-4001-AEA2-59A33C6C5DD3}.Release|Any CPU.Build.0 = Release|Any CPU
		{A594D774-3F8E-4001-AEA2-59A33C6C5DD3}.Release|x64.ActiveCfg = Release|Any CPU
		{A594D774-3F8E-4001-AEA2-59A33C6C5DD3}.Release|x64.Build.0 = Release|Any CPU
		{A594D774-3F8E-4001-AEA2-59A33C6C5DD3}.Release|x86.ActiveCfg = Release|Any CPU
		{A594D774-3F8E-4001-AEA2-59A33C6C5DD3}.Release|x86.Build.0 = Release|Any CPU
		{6D410080-9C43-4D66-AFD4-47AE135C2C0F}.Debug|Any CPU.ActiveCfg = Debug|Any CPU
		{6D410080-9C43-4D66-AFD4-47AE135C2C0F}.Debug|Any CPU.Build.0 = Debug|Any CPU
		{6D410080-9C43-4D66-AFD4-47AE135C2C0F}.Debug|x64.ActiveCfg = Debug|Any CPU
		{6D410080-9C43-4D66-AFD4-47AE135C2C0F}.Debug|x64.Build.0 = Debug|Any CPU
		{6D410080-9C43-4D66-AFD4-47AE135C2C0F}.Debug|x86.ActiveCfg = Debug|Any CPU
		{6D410080-9C43-4D66-AFD4-47AE135C2C0F}.Debug|x86.Build.0 = Debug|Any CPU
		{6D410080-9C43-4D66-AFD4-47AE135C2C0F}.Release|Any CPU.ActiveCfg = Release|Any CPU
		{6D410080-9C43-4D66-AFD4-47AE135C2C0F}.Release|Any CPU.Build.0 = Release|Any CPU
		{6D410080-9C43-4D66-AFD4-47AE135C2C0F}.Release|x64.ActiveCfg = Release|Any CPU
		{6D410080-9C43-4D66-AFD4-47AE135C2C0F}.Release|x64.Build.0 = Release|Any CPU
		{6D410080-9C43-4D66-AFD4-47AE135C2C0F}.Release|x86.ActiveCfg = Release|Any CPU
		{6D410080-9C43-4D66-AFD4-47AE135C2C0F}.Release|x86.Build.0 = Release|Any CPU
		{DCB9D465-6C81-4FFC-AB45-753683FA6D2D}.Debug|Any CPU.ActiveCfg = Debug|Any CPU
		{DCB9D465-6C81-4FFC-AB45-753683FA6D2D}.Debug|Any CPU.Build.0 = Debug|Any CPU
		{DCB9D465-6C81-4FFC-AB45-753683FA6D2D}.Debug|x64.ActiveCfg = Debug|Any CPU
		{DCB9D465-6C81-4FFC-AB45-753683FA6D2D}.Debug|x64.Build.0 = Debug|Any CPU
		{DCB9D465-6C81-4FFC-AB45-753683FA6D2D}.Debug|x86.ActiveCfg = Debug|Any CPU
		{DCB9D465-6C81-4FFC-AB45-753683FA6D2D}.Debug|x86.Build.0 = Debug|Any CPU
		{DCB9D465-6C81-4FFC-AB45-753683FA6D2D}.Release|Any CPU.ActiveCfg = Release|Any CPU
		{DCB9D465-6C81-4FFC-AB45-753683FA6D2D}.Release|Any CPU.Build.0 = Release|Any CPU
		{DCB9D465-6C81-4FFC-AB45-753683FA6D2D}.Release|x64.ActiveCfg = Release|Any CPU
		{DCB9D465-6C81-4FFC-AB45-753683FA6D2D}.Release|x64.Build.0 = Release|Any CPU
		{DCB9D465-6C81-4FFC-AB45-753683FA6D2D}.Release|x86.ActiveCfg = Release|Any CPU
		{DCB9D465-6C81-4FFC-AB45-753683FA6D2D}.Release|x86.Build.0 = Release|Any CPU
		{B22AC4C3-DA76-4197-827C-F7B23BA4DCE7}.Debug|Any CPU.ActiveCfg = Debug|Win32
		{B22AC4C3-DA76-4197-827C-F7B23BA4DCE7}.Debug|Any CPU.Build.0 = Debug|Win32
		{B22AC4C3-DA76-4197-827C-F7B23BA4DCE7}.Debug|x64.ActiveCfg = Debug|x64
		{B22AC4C3-DA76-4197-827C-F7B23BA4DCE7}.Debug|x64.Build.0 = Debug|x64
		{B22AC4C3-DA76-4197-827C-F7B23BA4DCE7}.Debug|x86.ActiveCfg = Debug|Win32
		{B22AC4C3-DA76-4197-827C-F7B23BA4DCE7}.Debug|x86.Build.0 = Debug|Win32
		{B22AC4C3-DA76-4197-827C-F7B23BA4DCE7}.Release|Any CPU.ActiveCfg = Release|Win32
		{B22AC4C3-DA76-4197-827C-F7B23BA4DCE7}.Release|x64.ActiveCfg = Release|x64
		{B22AC4C3-DA76-4197-827C-F7B23BA4DCE7}.Release|x64.Build.0 = Release|x64
		{B22AC4C3-DA76-4197-827C-F7B23BA4DCE7}.Release|x86.ActiveCfg = Release|Win32
		{B22AC4C3-DA76-4197-827C-F7B23BA4DCE7}.Release|x86.Build.0 = Release|Win32
		{0D4C471C-BFE5-43D7-9905-A98573DC0AD7}.Debug|Any CPU.ActiveCfg = Debug|Win32
		{0D4C471C-BFE5-43D7-9905-A98573DC0AD7}.Debug|Any CPU.Build.0 = Debug|Win32
		{0D4C471C-BFE5-43D7-9905-A98573DC0AD7}.Debug|x64.ActiveCfg = Debug|x64
		{0D4C471C-BFE5-43D7-9905-A98573DC0AD7}.Debug|x64.Build.0 = Debug|x64
		{0D4C471C-BFE5-43D7-9905-A98573DC0AD7}.Debug|x86.ActiveCfg = Debug|Win32
		{0D4C471C-BFE5-43D7-9905-A98573DC0AD7}.Debug|x86.Build.0 = Debug|Win32
		{0D4C471C-BFE5-43D7-9905-A98573DC0AD7}.Release|Any CPU.ActiveCfg = Release|Win32
		{0D4C471C-BFE5-43D7-9905-A98573DC0AD7}.Release|x64.ActiveCfg = Release|x64
		{0D4C471C-BFE5-43D7-9905-A98573DC0AD7}.Release|x64.Build.0 = Release|x64
		{0D4C471C-BFE5-43D7-9905-A98573DC0AD7}.Release|x86.ActiveCfg = Release|Win32
		{0D4C471C-BFE5-43D7-9905-A98573DC0AD7}.Release|x86.Build.0 = Release|Win32
		{E04C8AFF-14C8-4EF1-AD2F-22266E6190CA}.Debug|Any CPU.ActiveCfg = Debug|Win32
		{E04C8AFF-14C8-4EF1-AD2F-22266E6190CA}.Debug|Any CPU.Build.0 = Debug|Win32
		{E04C8AFF-14C8-4EF1-AD2F-22266E6190CA}.Debug|x64.ActiveCfg = Debug|x64
		{E04C8AFF-14C8-4EF1-AD2F-22266E6190CA}.Debug|x64.Build.0 = Debug|x64
		{E04C8AFF-14C8-4EF1-AD2F-22266E6190CA}.Debug|x86.ActiveCfg = Debug|Win32
		{E04C8AFF-14C8-4EF1-AD2F-22266E6190CA}.Debug|x86.Build.0 = Debug|Win32
		{E04C8AFF-14C8-4EF1-AD2F-22266E6190CA}.Release|Any CPU.ActiveCfg = Release|Win32
		{E04C8AFF-14C8-4EF1-AD2F-22266E6190CA}.Release|x64.ActiveCfg = Release|x64
		{E04C8AFF-14C8-4EF1-AD2F-22266E6190CA}.Release|x64.Build.0 = Release|x64
		{E04C8AFF-14C8-4EF1-AD2F-22266E6190CA}.Release|x86.ActiveCfg = Release|Win32
		{E04C8AFF-14C8-4EF1-AD2F-22266E6190CA}.Release|x86.Build.0 = Release|Win32
		{9179F820-1F35-40CC-BE57-1B0BB573E70A}.Debug|Any CPU.ActiveCfg = Debug|Win32
		{9179F820-1F35-40CC-BE57-1B0BB573E70A}.Debug|x64.ActiveCfg = Debug|x64
		{9179F820-1F35-40CC-BE57-1B0BB573E70A}.Debug|x64.Build.0 = Debug|x64
		{9179F820-1F35-40CC-BE57-1B0BB573E70A}.Debug|x86.ActiveCfg = Debug|Win32
		{9179F820-1F35-40CC-BE57-1B0BB573E70A}.Debug|x86.Build.0 = Debug|Win32
		{9179F820-1F35-40CC-BE57-1B0BB573E70A}.Release|Any CPU.ActiveCfg = Release|Win32
		{9179F820-1F35-40CC-BE57-1B0BB573E70A}.Release|x64.ActiveCfg = Release|x64
		{9179F820-1F35-40CC-BE57-1B0BB573E70A}.Release|x64.Build.0 = Release|x64
		{9179F820-1F35-40CC-BE57-1B0BB573E70A}.Release|x86.ActiveCfg = Release|Win32
		{9179F820-1F35-40CC-BE57-1B0BB573E70A}.Release|x86.Build.0 = Release|Win32
		{2F7B3B4F-B5F7-42A9-B0CA-147B5FD679B4}.Debug|Any CPU.ActiveCfg = Debug|Win32
		{2F7B3B4F-B5F7-42A9-B0CA-147B5FD679B4}.Debug|x64.ActiveCfg = Debug|x64
		{2F7B3B4F-B5F7-42A9-B0CA-147B5FD679B4}.Debug|x64.Build.0 = Debug|x64
		{2F7B3B4F-B5F7-42A9-B0CA-147B5FD679B4}.Debug|x86.ActiveCfg = Debug|Win32
		{2F7B3B4F-B5F7-42A9-B0CA-147B5FD679B4}.Debug|x86.Build.0 = Debug|Win32
		{2F7B3B4F-B5F7-42A9-B0CA-147B5FD679B4}.Release|Any CPU.ActiveCfg = Release|Win32
		{2F7B3B4F-B5F7-42A9-B0CA-147B5FD679B4}.Release|x64.ActiveCfg = Release|x64
		{2F7B3B4F-B5F7-42A9-B0CA-147B5FD679B4}.Release|x64.Build.0 = Release|x64
		{2F7B3B4F-B5F7-42A9-B0CA-147B5FD679B4}.Release|x86.ActiveCfg = Release|Win32
		{2F7B3B4F-B5F7-42A9-B0CA-147B5FD679B4}.Release|x86.Build.0 = Release|Win32
		{D51347EA-B522-4D3B-A20B-854D2FCBC2B5}.Debug|Any CPU.ActiveCfg = Debug|Win32
		{D51347EA-B522-4D3B-A20B-854D2FCBC2B5}.Debug|x64.ActiveCfg = Debug|x64
		{D51347EA-B522-4D3B-A20B-854D2FCBC2B5}.Debug|x64.Build.0 = Debug|x64
		{D51347EA-B522-4D3B-A20B-854D2FCBC2B5}.Debug|x86.ActiveCfg = Debug|Win32
		{D51347EA-B522-4D3B-A20B-854D2FCBC2B5}.Debug|x86.Build.0 = Debug|Win32
		{D51347EA-B522-4D3B-A20B-854D2FCBC2B5}.Release|Any CPU.ActiveCfg = Release|Win32
		{D51347EA-B522-4D3B-A20B-854D2FCBC2B5}.Release|x64.ActiveCfg = Release|x64
		{D51347EA-B522-4D3B-A20B-854D2FCBC2B5}.Release|x64.Build.0 = Release|x64
		{D51347EA-B522-4D3B-A20B-854D2FCBC2B5}.Release|x86.ActiveCfg = Release|Win32
		{D51347EA-B522-4D3B-A20B-854D2FCBC2B5}.Release|x86.Build.0 = Release|Win32
	EndGlobalSection
	GlobalSection(SolutionProperties) = preSolution
		HideSolutionNode = FALSE
	EndGlobalSection
	GlobalSection(NestedProjects) = preSolution
		{21AF1260-8E03-4B61-80FC-274621D61A46} = {875AC2B2-2C7C-45C0-B0E4-8BDE7F18FC8B}
		{5D89A17D-E7F2-41A1-A269-00B630A12450} = {875AC2B2-2C7C-45C0-B0E4-8BDE7F18FC8B}
		{51DFA2F4-DF5A-48C4-8F89-9EBCA67C8AE6} = {875AC2B2-2C7C-45C0-B0E4-8BDE7F18FC8B}
		{544D1AD1-4F90-4113-AA8C-C1B1A8E9E5CB} = {E4BB6BF7-4433-4EF6-A7A6-F1E7767945F6}
		{A594D774-3F8E-4001-AEA2-59A33C6C5DD3} = {875AC2B2-2C7C-45C0-B0E4-8BDE7F18FC8B}
		{6D410080-9C43-4D66-AFD4-47AE135C2C0F} = {875AC2B2-2C7C-45C0-B0E4-8BDE7F18FC8B}
		{DCB9D465-6C81-4FFC-AB45-753683FA6D2D} = {875AC2B2-2C7C-45C0-B0E4-8BDE7F18FC8B}
		{0D4C471C-BFE5-43D7-9905-A98573DC0AD7} = {ABCFE10E-6FE9-4154-B3E7-16C69346D7E6}
		{9179F820-1F35-40CC-BE57-1B0BB573E70A} = {ABCFE10E-6FE9-4154-B3E7-16C69346D7E6}
		{2F7B3B4F-B5F7-42A9-B0CA-147B5FD679B4} = {ABCFE10E-6FE9-4154-B3E7-16C69346D7E6}
		{D51347EA-B522-4D3B-A20B-854D2FCBC2B5} = {ABCFE10E-6FE9-4154-B3E7-16C69346D7E6}
	EndGlobalSection
	GlobalSection(TestCaseManagementSettings) = postSolution
		CategoryFile = MainLib.vsmdi
	EndGlobalSection
EndGlobal
