
Microsoft Visual Studio Solution File, Format Version 12.00
# Visual Studio 14
VisualStudioVersion = 14.0.25420.1
MinimumVisualStudioVersion = 10.0.40219.1
Project("{FAE04EC0-301F-11D3-BF4B-00C04F79EFBC}") = "MainLib", "MainLib\MainLib.csproj", "{8816AF68-0F31-4E03-AFB8-6BA46A49E61F}"
EndProject
Project("{FAE04EC0-301F-11D3-BF4B-00C04F79EFBC}") = "MainLibUnitTest", "MainLibUnitTest\MainLibUnitTest.csproj", "{9C0D8197-102F-415F-8E1B-083F06F829EC}"
EndProject
Project("{2150E333-8FDC-42A3-9474-1A3956D46DE8}") = "Solution Items", "Solution Items", "{F415578A-30A4-4151-9696-A8C7A5AD0151}"
	ProjectSection(SolutionItems) = preProject
		Local.testsettings = Local.testsettings
		MainLib.vsmdi = MainLib.vsmdi
		TraceAndTestImpact.testsettings = TraceAndTestImpact.testsettings
	EndProjectSection
EndProject
Project("{FAE04EC0-301F-11D3-BF4B-00C04F79EFBC}") = "TelerikUI", "TelerikUI\TelerikUI.csproj", "{F60FF73B-7CA1-4069-88D8-B6FEDEDB308B}"
EndProject
Project("{FAE04EC0-301F-11D3-BF4B-00C04F79EFBC}") = "OfficeLib", "OfficeLib\OfficeLib.csproj", "{E982EA7F-CAC0-4CE9-BB2C-CABA2AA15916}"
EndProject
Project("{FAE04EC0-301F-11D3-BF4B-00C04F79EFBC}") = "NMZipLib", "NMZipLib\NMZipLib.csproj", "{7C5BAC7C-CA41-41CD-B752-C0D7B8ADB168}"
EndProject
Project("{FAE04EC0-301F-11D3-BF4B-00C04F79EFBC}") = "WebMainLib", "WebMainLib\WebMainLib.csproj", "{DA36209E-0D75-447E-953A-39833B3D07AE}"
EndProject
Project("{FAE04EC0-301F-11D3-BF4B-00C04F79EFBC}") = "AsposeMainLib", "AsposeMainLib\AsposeMainLib.csproj", "{BC919B96-EA0B-424B-9AAE-5684EB150A16}"
EndProject
Project("{2150E333-8FDC-42A3-9474-1A3956D46DE8}") = "CLI", "CLI", "{875AC2B2-2C7C-45C0-B0E4-8BDE7F18FC8B}"
EndProject
Project("{FAE04EC0-301F-11D3-BF4B-00C04F79EFBC}") = "RegisterNotepad", "RegisterNotepad\RegisterNotepad.csproj", "{21AF1260-8E03-4B61-80FC-274621D61A46}"
EndProject
Project("{FAE04EC0-301F-11D3-BF4B-00C04F79EFBC}") = "RegisterCMD", "RegisterFilePath\RegisterCMD.csproj", "{5D89A17D-E7F2-41A1-A269-00B630A12450}"
EndProject
Project("{FAE04EC0-301F-11D3-BF4B-00C04F79EFBC}") = "NetFrameworkVersion", "NetFrameworkVersion\NetFrameworkVersion.csproj", "{51DFA2F4-DF5A-48C4-8F89-9EBCA67C8AE6}"
EndProject
Project("{2150E333-8FDC-42A3-9474-1A3956D46DE8}") = "Projects", "Projects", "{E4BB6BF7-4433-4EF6-A7A6-F1E7767945F6}"
EndProject
Project("{FAE04EC0-301F-11D3-BF4B-00C04F79EFBC}") = "ZipRar", "ZipRar\ZipRar.csproj", "{544D1AD1-4F90-4113-AA8C-C1B1A8E9E5CB}"
EndProject
Project("{2150E333-8FDC-42A3-9474-1A3956D46DE8}") = "Example", "Example", "{31B2A62C-20D7-4E2E-B444-029222782F47}"
EndProject
Project("{FAE04EC0-301F-11D3-BF4B-00C04F79EFBC}") = "ConnectToSqlServer", "ConnectToSqlServer\ConnectToSqlServer.csproj", "{4F429211-D7D0-43C8-9FC2-ACE6A0AAB777}"
EndProject
Global
	GlobalSection(SolutionConfigurationPlatforms) = preSolution
		Debug|Any CPU = Debug|Any CPU
		Release|Any CPU = Release|Any CPU
	EndGlobalSection
	GlobalSection(ProjectConfigurationPlatforms) = postSolution
		{8816AF68-0F31-4E03-AFB8-6BA46A49E61F}.Debug|Any CPU.ActiveCfg = Debug|Any CPU
		{8816AF68-0F31-4E03-AFB8-6BA46A49E61F}.Debug|Any CPU.Build.0 = Debug|Any CPU
		{8816AF68-0F31-4E03-AFB8-6BA46A49E61F}.Release|Any CPU.ActiveCfg = Release|Any CPU
		{8816AF68-0F31-4E03-AFB8-6BA46A49E61F}.Release|Any CPU.Build.0 = Release|Any CPU
		{9C0D8197-102F-415F-8E1B-083F06F829EC}.Debug|Any CPU.ActiveCfg = Debug|Any CPU
		{9C0D8197-102F-415F-8E1B-083F06F829EC}.Debug|Any CPU.Build.0 = Debug|Any CPU
		{9C0D8197-102F-415F-8E1B-083F06F829EC}.Release|Any CPU.ActiveCfg = Release|Any CPU
		{9C0D8197-102F-415F-8E1B-083F06F829EC}.Release|Any CPU.Build.0 = Release|Any CPU
		{F60FF73B-7CA1-4069-88D8-B6FEDEDB308B}.Debug|Any CPU.ActiveCfg = Debug|Any CPU
		{F60FF73B-7CA1-4069-88D8-B6FEDEDB308B}.Debug|Any CPU.Build.0 = Debug|Any CPU
		{F60FF73B-7CA1-4069-88D8-B6FEDEDB308B}.Release|Any CPU.ActiveCfg = Release|Any CPU
		{F60FF73B-7CA1-4069-88D8-B6FEDEDB308B}.Release|Any CPU.Build.0 = Release|Any CPU
		{E982EA7F-CAC0-4CE9-BB2C-CABA2AA15916}.Debug|Any CPU.ActiveCfg = Debug|Any CPU
		{E982EA7F-CAC0-4CE9-BB2C-CABA2AA15916}.Debug|Any CPU.Build.0 = Debug|Any CPU
		{E982EA7F-CAC0-4CE9-BB2C-CABA2AA15916}.Release|Any CPU.ActiveCfg = Release|Any CPU
		{E982EA7F-CAC0-4CE9-BB2C-CABA2AA15916}.Release|Any CPU.Build.0 = Release|Any CPU
		{7C5BAC7C-CA41-41CD-B752-C0D7B8ADB168}.Debug|Any CPU.ActiveCfg = Debug|Any CPU
		{7C5BAC7C-CA41-41CD-B752-C0D7B8ADB168}.Debug|Any CPU.Build.0 = Debug|Any CPU
		{7C5BAC7C-CA41-41CD-B752-C0D7B8ADB168}.Release|Any CPU.ActiveCfg = Release|Any CPU
		{7C5BAC7C-CA41-41CD-B752-C0D7B8ADB168}.Release|Any CPU.Build.0 = Release|Any CPU
		{DA36209E-0D75-447E-953A-39833B3D07AE}.Debug|Any CPU.ActiveCfg = Debug|Any CPU
		{DA36209E-0D75-447E-953A-39833B3D07AE}.Debug|Any CPU.Build.0 = Debug|Any CPU
		{DA36209E-0D75-447E-953A-39833B3D07AE}.Release|Any CPU.ActiveCfg = Release|Any CPU
		{DA36209E-0D75-447E-953A-39833B3D07AE}.Release|Any CPU.Build.0 = Release|Any CPU
		{BC919B96-EA0B-424B-9AAE-5684EB150A16}.Debug|Any CPU.ActiveCfg = Debug|Any CPU
		{BC919B96-EA0B-424B-9AAE-5684EB150A16}.Debug|Any CPU.Build.0 = Debug|Any CPU
		{BC919B96-EA0B-424B-9AAE-5684EB150A16}.Release|Any CPU.ActiveCfg = Release|Any CPU
		{BC919B96-EA0B-424B-9AAE-5684EB150A16}.Release|Any CPU.Build.0 = Release|Any CPU
		{21AF1260-8E03-4B61-80FC-274621D61A46}.Debug|Any CPU.ActiveCfg = Debug|Any CPU
		{21AF1260-8E03-4B61-80FC-274621D61A46}.Debug|Any CPU.Build.0 = Debug|Any CPU
		{21AF1260-8E03-4B61-80FC-274621D61A46}.Release|Any CPU.ActiveCfg = Release|Any CPU
		{21AF1260-8E03-4B61-80FC-274621D61A46}.Release|Any CPU.Build.0 = Release|Any CPU
		{5D89A17D-E7F2-41A1-A269-00B630A12450}.Debug|Any CPU.ActiveCfg = Debug|Any CPU
		{5D89A17D-E7F2-41A1-A269-00B630A12450}.Debug|Any CPU.Build.0 = Debug|Any CPU
		{5D89A17D-E7F2-41A1-A269-00B630A12450}.Release|Any CPU.ActiveCfg = Release|Any CPU
		{5D89A17D-E7F2-41A1-A269-00B630A12450}.Release|Any CPU.Build.0 = Release|Any CPU
		{51DFA2F4-DF5A-48C4-8F89-9EBCA67C8AE6}.Debug|Any CPU.ActiveCfg = Debug|Any CPU
		{51DFA2F4-DF5A-48C4-8F89-9EBCA67C8AE6}.Debug|Any CPU.Build.0 = Debug|Any CPU
		{51DFA2F4-DF5A-48C4-8F89-9EBCA67C8AE6}.Release|Any CPU.ActiveCfg = Release|Any CPU
		{51DFA2F4-DF5A-48C4-8F89-9EBCA67C8AE6}.Release|Any CPU.Build.0 = Release|Any CPU
		{544D1AD1-4F90-4113-AA8C-C1B1A8E9E5CB}.Debug|Any CPU.ActiveCfg = Debug|Any CPU
		{544D1AD1-4F90-4113-AA8C-C1B1A8E9E5CB}.Debug|Any CPU.Build.0 = Debug|Any CPU
		{544D1AD1-4F90-4113-AA8C-C1B1A8E9E5CB}.Release|Any CPU.ActiveCfg = Release|Any CPU
		{544D1AD1-4F90-4113-AA8C-C1B1A8E9E5CB}.Release|Any CPU.Build.0 = Release|Any CPU
		{4F429211-D7D0-43C8-9FC2-ACE6A0AAB777}.Debug|Any CPU.ActiveCfg = Debug|Any CPU
		{4F429211-D7D0-43C8-9FC2-ACE6A0AAB777}.Debug|Any CPU.Build.0 = Debug|Any CPU
		{4F429211-D7D0-43C8-9FC2-ACE6A0AAB777}.Release|Any CPU.ActiveCfg = Release|Any CPU
		{4F429211-D7D0-43C8-9FC2-ACE6A0AAB777}.Release|Any CPU.Build.0 = Release|Any CPU
	EndGlobalSection
	GlobalSection(SolutionProperties) = preSolution
		HideSolutionNode = FALSE
	EndGlobalSection
	GlobalSection(NestedProjects) = preSolution
		{21AF1260-8E03-4B61-80FC-274621D61A46} = {875AC2B2-2C7C-45C0-B0E4-8BDE7F18FC8B}
		{5D89A17D-E7F2-41A1-A269-00B630A12450} = {875AC2B2-2C7C-45C0-B0E4-8BDE7F18FC8B}
		{51DFA2F4-DF5A-48C4-8F89-9EBCA67C8AE6} = {875AC2B2-2C7C-45C0-B0E4-8BDE7F18FC8B}
		{544D1AD1-4F90-4113-AA8C-C1B1A8E9E5CB} = {E4BB6BF7-4433-4EF6-A7A6-F1E7767945F6}
		{4F429211-D7D0-43C8-9FC2-ACE6A0AAB777} = {31B2A62C-20D7-4E2E-B444-029222782F47}
	EndGlobalSection
	GlobalSection(TestCaseManagementSettings) = postSolution
		CategoryFile = MainLib.vsmdi
	EndGlobalSection
EndGlobal
